// !$*UTF8*$!
{
	archiveVersion = 1;
	classes = {
	};
	objectVersion = 50;
	objects = {

/* Begin PBXBuildFile section */
		809B974A24BF337B0066B2B0 /* AppDelegate.swift in Sources */ = {isa = PBXBuildFile; fileRef = 809B974924BF337B0066B2B0 /* AppDelegate.swift */; };
		809B974E24BF337B0066B2B0 /* ViewController.swift in Sources */ = {isa = PBXBuildFile; fileRef = 809B974D24BF337B0066B2B0 /* ViewController.swift */; };
		809B975124BF337B0066B2B0 /* Main.storyboard in Resources */ = {isa = PBXBuildFile; fileRef = 809B974F24BF337B0066B2B0 /* Main.storyboard */; };
		809B975324BF337C0066B2B0 /* Assets.xcassets in Resources */ = {isa = PBXBuildFile; fileRef = 809B975224BF337C0066B2B0 /* Assets.xcassets */; };
		809B975624BF337C0066B2B0 /* LaunchScreen.storyboard in Resources */ = {isa = PBXBuildFile; fileRef = 809B975424BF337C0066B2B0 /* LaunchScreen.storyboard */; };
		809B976224BF46EE0066B2B0 /* ToViewController.swift in Sources */ = {isa = PBXBuildFile; fileRef = 809B976124BF46EE0066B2B0 /* ToViewController.swift */; };
		809B976424BF47C30066B2B0 /* CustomAnimator.swift in Sources */ = {isa = PBXBuildFile; fileRef = 809B976324BF47C30066B2B0 /* CustomAnimator.swift */; };
		80C5552924C1B2EB00736576 /* ViewControllerTransitiong.swift in Sources */ = {isa = PBXBuildFile; fileRef = 80C5552824C1B2EB00736576 /* ViewControllerTransitiong.swift */; };
		80C5552B24C1BAB900736576 /* UIViewControllerExtension.swift in Sources */ = {isa = PBXBuildFile; fileRef = 80C5552A24C1BAB900736576 /* UIViewControllerExtension.swift */; };
		80C5552D24C1BF7500736576 /* AnimatableDelegate.swift in Sources */ = {isa = PBXBuildFile; fileRef = 80C5552C24C1BF7500736576 /* AnimatableDelegate.swift */; };
		80C5552F24C1C77E00736576 /* MainViewController.swift in Sources */ = {isa = PBXBuildFile; fileRef = 80C5552E24C1C77E00736576 /* MainViewController.swift */; };
		80C5553124C1CCFA00736576 /* BaseViewController.swift in Sources */ = {isa = PBXBuildFile; fileRef = 80C5553024C1CCFA00736576 /* BaseViewController.swift */; };
/* End PBXBuildFile section */

/* Begin PBXFileReference section */
		809B974624BF337B0066B2B0 /* NavigationTransition.app */ = {isa = PBXFileReference; explicitFileType = wrapper.application; includeInIndex = 0; path = NavigationTransition.app; sourceTree = BUILT_PRODUCTS_DIR; };
		809B974924BF337B0066B2B0 /* AppDelegate.swift */ = {isa = PBXFileReference; lastKnownFileType = sourcecode.swift; path = AppDelegate.swift; sourceTree = "<group>"; };
		809B974D24BF337B0066B2B0 /* ViewController.swift */ = {isa = PBXFileReference; lastKnownFileType = sourcecode.swift; path = ViewController.swift; sourceTree = "<group>"; };
		809B975024BF337B0066B2B0 /* Base */ = {isa = PBXFileReference; lastKnownFileType = file.storyboard; name = Base; path = Base.lproj/Main.storyboard; sourceTree = "<group>"; };
		809B975224BF337C0066B2B0 /* Assets.xcassets */ = {isa = PBXFileReference; lastKnownFileType = folder.assetcatalog; path = Assets.xcassets; sourceTree = "<group>"; };
		809B975524BF337C0066B2B0 /* Base */ = {isa = PBXFileReference; lastKnownFileType = file.storyboard; name = Base; path = Base.lproj/LaunchScreen.storyboard; sourceTree = "<group>"; };
		809B975724BF337C0066B2B0 /* Info.plist */ = {isa = PBXFileReference; lastKnownFileType = text.plist.xml; path = Info.plist; sourceTree = "<group>"; };
		809B976124BF46EE0066B2B0 /* ToViewController.swift */ = {isa = PBXFileReference; lastKnownFileType = sourcecode.swift; path = ToViewController.swift; sourceTree = "<group>"; };
		809B976324BF47C30066B2B0 /* CustomAnimator.swift */ = {isa = PBXFileReference; lastKnownFileType = sourcecode.swift; path = CustomAnimator.swift; sourceTree = "<group>"; };
		80C5552824C1B2EB00736576 /* ViewControllerTransitiong.swift */ = {isa = PBXFileReference; lastKnownFileType = sourcecode.swift; path = ViewControllerTransitiong.swift; sourceTree = "<group>"; };
		80C5552A24C1BAB900736576 /* UIViewControllerExtension.swift */ = {isa = PBXFileReference; lastKnownFileType = sourcecode.swift; path = UIViewControllerExtension.swift; sourceTree = "<group>"; };
		80C5552C24C1BF7500736576 /* AnimatableDelegate.swift */ = {isa = PBXFileReference; lastKnownFileType = sourcecode.swift; path = AnimatableDelegate.swift; sourceTree = "<group>"; };
		80C5552E24C1C77E00736576 /* MainViewController.swift */ = {isa = PBXFileReference; lastKnownFileType = sourcecode.swift; path = MainViewController.swift; sourceTree = "<group>"; };
		80C5553024C1CCFA00736576 /* BaseViewController.swift */ = {isa = PBXFileReference; lastKnownFileType = sourcecode.swift; path = BaseViewController.swift; sourceTree = "<group>"; };
/* End PBXFileReference section */

/* Begin PBXFrameworksBuildPhase section */
		809B974324BF337B0066B2B0 /* Frameworks */ = {
			isa = PBXFrameworksBuildPhase;
			buildActionMask = 2147483647;
			files = (
			);
			runOnlyForDeploymentPostprocessing = 0;
		};
/* End PBXFrameworksBuildPhase section */

/* Begin PBXGroup section */
		809B973D24BF337B0066B2B0 = {
			isa = PBXGroup;
			children = (
				809B974824BF337B0066B2B0 /* NavigationTransition */,
				809B974724BF337B0066B2B0 /* Products */,
			);
			sourceTree = "<group>";
		};
		809B974724BF337B0066B2B0 /* Products */ = {
			isa = PBXGroup;
			children = (
				809B974624BF337B0066B2B0 /* NavigationTransition.app */,
			);
			name = Products;
			sourceTree = "<group>";
		};
		809B974824BF337B0066B2B0 /* NavigationTransition */ = {
			isa = PBXGroup;
			children = (
				809B974924BF337B0066B2B0 /* AppDelegate.swift */,
				809B974D24BF337B0066B2B0 /* ViewController.swift */,
				809B974F24BF337B0066B2B0 /* Main.storyboard */,
				809B975224BF337C0066B2B0 /* Assets.xcassets */,
				809B975424BF337C0066B2B0 /* LaunchScreen.storyboard */,
				809B975724BF337C0066B2B0 /* Info.plist */,
				809B976124BF46EE0066B2B0 /* ToViewController.swift */,
				809B976324BF47C30066B2B0 /* CustomAnimator.swift */,
				80C5552824C1B2EB00736576 /* ViewControllerTransitiong.swift */,
				80C5552A24C1BAB900736576 /* UIViewControllerExtension.swift */,
				80C5552C24C1BF7500736576 /* AnimatableDelegate.swift */,
				80C5552E24C1C77E00736576 /* MainViewController.swift */,
				80C5553024C1CCFA00736576 /* BaseViewController.swift */,
			);
			path = NavigationTransition;
			sourceTree = "<group>";
		};
/* End PBXGroup section */

/* Begin PBXNativeTarget section */
		809B974524BF337B0066B2B0 /* NavigationTransition */ = {
			isa = PBXNativeTarget;
			buildConfigurationList = 809B975A24BF337C0066B2B0 /* Build configuration list for PBXNativeTarget "NavigationTransition" */;
			buildPhases = (
				809B974224BF337B0066B2B0 /* Sources */,
				809B974324BF337B0066B2B0 /* Frameworks */,
				809B974424BF337B0066B2B0 /* Resources */,
			);
			buildRules = (
			);
			dependencies = (
			);
			name = NavigationTransition;
			productName = NavigationTransition;
			productReference = 809B974624BF337B0066B2B0 /* NavigationTransition.app */;
			productType = "com.apple.product-type.application";
		};
/* End PBXNativeTarget section */

/* Begin PBXProject section */
		809B973E24BF337B0066B2B0 /* Project object */ = {
			isa = PBXProject;
			attributes = {
				LastSwiftUpdateCheck = 1150;
				LastUpgradeCheck = 1150;
				ORGANIZATIONNAME = salma;
				TargetAttributes = {
					809B974524BF337B0066B2B0 = {
						CreatedOnToolsVersion = 11.5;
					};
				};
			};
			buildConfigurationList = 809B974124BF337B0066B2B0 /* Build configuration list for PBXProject "NavigationTransition" */;
			compatibilityVersion = "Xcode 9.3";
			developmentRegion = en;
			hasScannedForEncodings = 0;
			knownRegions = (
				en,
				Base,
			);
			mainGroup = 809B973D24BF337B0066B2B0;
			productRefGroup = 809B974724BF337B0066B2B0 /* Products */;
			projectDirPath = "";
			projectRoot = "";
			targets = (
				809B974524BF337B0066B2B0 /* NavigationTransition */,
			);
		};
/* End PBXProject section */

/* Begin PBXResourcesBuildPhase section */
		809B974424BF337B0066B2B0 /* Resources */ = {
			isa = PBXResourcesBuildPhase;
			buildActionMask = 2147483647;
			files = (
				809B975624BF337C0066B2B0 /* LaunchScreen.storyboard in Resources */,
				809B975324BF337C0066B2B0 /* Assets.xcassets in Resources */,
				809B975124BF337B0066B2B0 /* Main.storyboard in Resources */,
			);
			runOnlyForDeploymentPostprocessing = 0;
		};
/* End PBXResourcesBuildPhase section */

/* Begin PBXSourcesBuildPhase section */
		809B974224BF337B0066B2B0 /* Sources */ = {
			isa = PBXSourcesBuildPhase;
			buildActionMask = 2147483647;
			files = (
				809B974E24BF337B0066B2B0 /* ViewController.swift in Sources */,
				80C5552924C1B2EB00736576 /* ViewControllerTransitiong.swift in Sources */,
				80C5552B24C1BAB900736576 /* UIViewControllerExtension.swift in Sources */,
				80C5552D24C1BF7500736576 /* AnimatableDelegate.swift in Sources */,
				809B974A24BF337B0066B2B0 /* AppDelegate.swift in Sources */,
				80C5553124C1CCFA00736576 /* BaseViewController.swift in Sources */,
				809B976224BF46EE0066B2B0 /* ToViewController.swift in Sources */,
				809B976424BF47C30066B2B0 /* CustomAnimator.swift in Sources */,
				80C5552F24C1C77E00736576 /* MainViewController.swift in Sources */,
			);
			runOnlyForDeploymentPostprocessing = 0;
		};
/* End PBXSourcesBuildPhase section */

/* Begin PBXVariantGroup section */
		809B974F24BF337B0066B2B0 /* Main.storyboard */ = {
			isa = PBXVariantGroup;
			children = (
				809B975024BF337B0066B2B0 /* Base */,
			);
			name = Main.storyboard;
			sourceTree = "<group>";
		};
		809B975424BF337C0066B2B0 /* LaunchScreen.storyboard */ = {
			isa = PBXVariantGroup;
			children = (
				809B975524BF337C0066B2B0 /* Base */,
			);
			name = LaunchScreen.storyboard;
			sourceTree = "<group>";
		};
/* End PBXVariantGroup section */

/* Begin XCBuildConfiguration section */
		809B975824BF337C0066B2B0 /* Debug */ = {
			isa = XCBuildConfiguration;
			buildSettings = {
				ALWAYS_SEARCH_USER_PATHS = NO;
				CLANG_ANALYZER_NONNULL = YES;
				CLANG_ANALYZER_NUMBER_OBJECT_CONVERSION = YES_AGGRESSIVE;
				CLANG_CXX_LANGUAGE_STANDARD = "gnu++14";
				CLANG_CXX_LIBRARY = "libc++";
				CLANG_ENABLE_MODULES = YES;
				CLANG_ENABLE_OBJC_ARC = YES;
				CLANG_ENABLE_OBJC_WEAK = YES;
				CLANG_WARN_BLOCK_CAPTURE_AUTORELEASING = YES;
				CLANG_WARN_BOOL_CONVERSION = YES;
				CLANG_WARN_COMMA = YES;
				CLANG_WARN_CONSTANT_CONVERSION = YES;
				CLANG_WARN_DEPRECATED_OBJC_IMPLEMENTATIONS = YES;
				CLANG_WARN_DIRECT_OBJC_ISA_USAGE = YES_ERROR;
				CLANG_WARN_DOCUMENTATION_COMMENTS = YES;
				CLANG_WARN_EMPTY_BODY = YES;
				CLANG_WARN_ENUM_CONVERSION = YES;
				CLANG_WARN_INFINITE_RECURSION = YES;
				CLANG_WARN_INT_CONVERSION = YES;
				CLANG_WARN_NON_LITERAL_NULL_CONVERSION = YES;
				CLANG_WARN_OBJC_IMPLICIT_RETAIN_SELF = YES;
				CLANG_WARN_OBJC_LITERAL_CONVERSION = YES;
				CLANG_WARN_OBJC_ROOT_CLASS = YES_ERROR;
				CLANG_WARN_RANGE_LOOP_ANALYSIS = YES;
				CLANG_WARN_STRICT_PROTOTYPES = YES;
				CLANG_WARN_SUSPICIOUS_MOVE = YES;
				CLANG_WARN_UNGUARDED_AVAILABILITY = YES_AGGRESSIVE;
				CLANG_WARN_UNREACHABLE_CODE = YES;
				CLANG_WARN__DUPLICATE_METHOD_MATCH = YES;
				COPY_PHASE_STRIP = NO;
				DEBUG_INFORMATION_FORMAT = dwarf;
				ENABLE_STRICT_OBJC_MSGSEND = YES;
				ENABLE_TESTABILITY = YES;
				GCC_C_LANGUAGE_STANDARD = gnu11;
				GCC_DYNAMIC_NO_PIC = NO;
				GCC_NO_COMMON_BLOCKS = YES;
				GCC_OPTIMIZATION_LEVEL = 0;
				GCC_PREPROCESSOR_DEFINITIONS = (
					"DEBUG=1",
					"$(inherited)",
				);
				GCC_WARN_64_TO_32_BIT_CONVERSION = YES;
				GCC_WARN_ABOUT_RETURN_TYPE = YES_ERROR;
				GCC_WARN_UNDECLARED_SELECTOR = YES;
				GCC_WARN_UNINITIALIZED_AUTOS = YES_AGGRESSIVE;
				GCC_WARN_UNUSED_FUNCTION = YES;
				GCC_WARN_UNUSED_VARIABLE = YES;
				IPHONEOS_DEPLOYMENT_TARGET = 13.5;
				MTL_ENABLE_DEBUG_INFO = INCLUDE_SOURCE;
				MTL_FAST_MATH = YES;
				ONLY_ACTIVE_ARCH = YES;
				SDKROOT = iphoneos;
				SWIFT_ACTIVE_COMPILATION_CONDITIONS = DEBUG;
				SWIFT_OPTIMIZATION_LEVEL = "-Onone";
			};
			name = Debug;
		};
		809B975924BF337C0066B2B0 /* Release */ = {
			isa = XCBuildConfiguration;
			buildSettings = {
				ALWAYS_SEARCH_USER_PATHS = NO;
				CLANG_ANALYZER_NONNULL = YES;
				CLANG_ANALYZER_NUMBER_OBJECT_CONVERSION = YES_AGGRESSIVE;
				CLANG_CXX_LANGUAGE_STANDARD = "gnu++14";
				CLANG_CXX_LIBRARY = "libc++";
				CLANG_ENABLE_MODULES = YES;
				CLANG_ENABLE_OBJC_ARC = YES;
				CLANG_ENABLE_OBJC_WEAK = YES;
				CLANG_WARN_BLOCK_CAPTURE_AUTORELEASING = YES;
				CLANG_WARN_BOOL_CONVERSION = YES;
				CLANG_WARN_COMMA = YES;
				CLANG_WARN_CONSTANT_CONVERSION = YES;
				CLANG_WARN_DEPRECATED_OBJC_IMPLEMENTATIONS = YES;
				CLANG_WARN_DIRECT_OBJC_ISA_USAGE = YES_ERROR;
				CLANG_WARN_DOCUMENTATION_COMMENTS = YES;
				CLANG_WARN_EMPTY_BODY = YES;
				CLANG_WARN_ENUM_CONVERSION = YES;
				CLANG_WARN_INFINITE_RECURSION = YES;
				CLANG_WARN_INT_CONVERSION = YES;
				CLANG_WARN_NON_LITERAL_NULL_CONVERSION = YES;
				CLANG_WARN_OBJC_IMPLICIT_RETAIN_SELF = YES;
				CLANG_WARN_OBJC_LITERAL_CONVERSION = YES;
				CLANG_WARN_OBJC_ROOT_CLASS = YES_ERROR;
				CLANG_WARN_RANGE_LOOP_ANALYSIS = YES;
				CLANG_WARN_STRICT_PROTOTYPES = YES;
				CLANG_WARN_SUSPICIOUS_MOVE = YES;
				CLANG_WARN_UNGUARDED_AVAILABILITY = YES_AGGRESSIVE;
				CLANG_WARN_UNREACHABLE_CODE = YES;
				CLANG_WARN__DUPLICATE_METHOD_MATCH = YES;
				COPY_PHASE_STRIP = NO;
				DEBUG_INFORMATION_FORMAT = "dwarf-with-dsym";
				ENABLE_NS_ASSERTIONS = NO;
				ENABLE_STRICT_OBJC_MSGSEND = YES;
				GCC_C_LANGUAGE_STANDARD = gnu11;
				GCC_NO_COMMON_BLOCKS = YES;
				GCC_WARN_64_TO_32_BIT_CONVERSION = YES;
				GCC_WARN_ABOUT_RETURN_TYPE = YES_ERROR;
				GCC_WARN_UNDECLARED_SELECTOR = YES;
				GCC_WARN_UNINITIALIZED_AUTOS = YES_AGGRESSIVE;
				GCC_WARN_UNUSED_FUNCTION = YES;
				GCC_WARN_UNUSED_VARIABLE = YES;
				IPHONEOS_DEPLOYMENT_TARGET = 13.5;
				MTL_ENABLE_DEBUG_INFO = NO;
				MTL_FAST_MATH = YES;
				SDKROOT = iphoneos;
				SWIFT_COMPILATION_MODE = wholemodule;
				SWIFT_OPTIMIZATION_LEVEL = "-O";
				VALIDATE_PRODUCT = YES;
			};
			name = Release;
		};
		809B975B24BF337C0066B2B0 /* Debug */ = {
			isa = XCBuildConfiguration;
			buildSettings = {
				ASSETCATALOG_COMPILER_APPICON_NAME = AppIcon;
				CODE_SIGN_STYLE = Automatic;
				DEVELOPMENT_TEAM = 2VH28277N9;
				INFOPLIST_FILE = NavigationTransition/Info.plist;
				IPHONEOS_DEPLOYMENT_TARGET = 12.4;
				LD_RUNPATH_SEARCH_PATHS = (
					"$(inherited)",
					"@executable_path/Frameworks",
				);
				PRODUCT_BUNDLE_IDENTIFIER = com.salma.NavigationTransition;
				PRODUCT_NAME = "$(TARGET_NAME)";
				SWIFT_VERSION = 5.0;
				TARGETED_DEVICE_FAMILY = "1,2";
			};
			name = Debug;
		};
		809B975C24BF337C0066B2B0 /* Release */ = {
			isa = XCBuildConfiguration;
			buildSettings = {
				ASSETCATALOG_COMPILER_APPICON_NAME = AppIcon;
				CODE_SIGN_STYLE = Automatic;
				DEVELOPMENT_TEAM = 2VH28277N9;
				INFOPLIST_FILE = NavigationTransition/Info.plist;
				IPHONEOS_DEPLOYMENT_TARGET = 12.4;
				LD_RUNPATH_SEARCH_PATHS = (
					"$(inherited)",
					"@executable_path/Frameworks",
				);
				PRODUCT_BUNDLE_IDENTIFIER = com.salma.NavigationTransition;
				PRODUCT_NAME = "$(TARGET_NAME)";
				SWIFT_VERSION = 5.0;
				TARGETED_DEVICE_FAMILY = "1,2";
			};
			name = Release;
		};
/* End XCBuildConfiguration section */

/* Begin XCConfigurationList section */
		809B974124BF337B0066B2B0 /* Build configuration list for PBXProject "NavigationTransition" */ = {
			isa = XCConfigurationList;
			buildConfigurations = (
				809B975824BF337C0066B2B0 /* Debug */,
				809B975924BF337C0066B2B0 /* Release */,
			);
			defaultConfigurationIsVisible = 0;
			defaultConfigurationName = Release;
		};
		809B975A24BF337C0066B2B0 /* Build configuration list for PBXNativeTarget "NavigationTransition" */ = {
			isa = XCConfigurationList;
			buildConfigurations = (
				809B975B24BF337C0066B2B0 /* Debug */,
				809B975C24BF337C0066B2B0 /* Release */,
			);
			defaultConfigurationIsVisible = 0;
			defaultConfigurationName = Release;
		};
/* End XCConfigurationList section */
	};
	rootObject = 809B973E24BF337B0066B2B0 /* Project object */;
}
